PODS:
  - Mantle (2.1.0):
    - Mantle/extobjc (= 2.1.0)
  - Mantle/extobjc (2.1.0)
  - MantleXMLExtension (0.1.0):
    - Mantle (~> 2.0)
  - Nimble (5.1.1)
  - Quick (0.10.0)

DEPENDENCIES:
  - Mantle (= 2.1.0)
  - MantleXMLExtension (from `.`)
  - Nimble (= 5.1.1)
  - Quick (= 0.10.0)

EXTERNAL SOURCES:
  MantleXMLExtension:
    :path: .

SPEC CHECKSUMS:
  Mantle: 2fa750afa478cd625a94230fbf1c13462f29395b
  MantleXMLExtension: a1bd553edd99e13d62418d503f8b41fc33b5eedd
  Nimble: 415e3aa3267e7bc2c96b05fa814ddea7bb686a29
  Quick: 5d290df1c69d5ee2f0729956dcf0fd9a30447eaa

PODFILE CHECKSUM: 9d6174179f12448090c42ad4fbac6c0683031f72

COCOAPODS: 1.1.1
