// !$*UTF8*$!
{
	archiveVersion = 1;
	classes = {
	};
	objectVersion = 46;
	objects = {

/* Begin PBXBuildFile section */
		826A9804BB27E5742444AC9E /* Pods_MantleXMLExtensionTests.framework in Frameworks */ = {isa = PBXBuildFile; fileRef = F42A16C7604CF78F2D58C24F /* Pods_MantleXMLExtensionTests.framework */; };
		A41C79D11DE9D6BE000F0A28 /* MXEXmlPathTests.m in Sources */ = {isa = PBXBuildFile; fileRef = A41C79D01DE9D6BE000F0A28 /* MXEXmlPathTests.m */; };
		A41C79D31DE9E082000F0A28 /* MXEXmlChildNodePathTests.m in Sources */ = {isa = PBXBuildFile; fileRef = A41C79D21DE9E082000F0A28 /* MXEXmlChildNodePathTests.m */; };
		A41C79D51DE9EDB8000F0A28 /* MXEXmlAttributePathTests.m in Sources */ = {isa = PBXBuildFile; fileRef = A41C79D41DE9EDB8000F0A28 /* MXEXmlAttributePathTests.m */; };
		A41C79D71DE9F2AE000F0A28 /* MXEXmlArrayPathTests.m in Sources */ = {isa = PBXBuildFile; fileRef = A41C79D61DE9F2AE000F0A28 /* MXEXmlArrayPathTests.m */; };
		A456FC781E4B695D002EA7B0 /* MXETFilterModel.m in Sources */ = {isa = PBXBuildFile; fileRef = A456FC771E4B695D002EA7B0 /* MXETFilterModel.m */; };
		A4BCF37E1DE0162F00EF672C /* MXETUsersResponse.m in Sources */ = {isa = PBXBuildFile; fileRef = A4BCF37D1DE0162F00EF672C /* MXETUsersResponse.m */; };
		A4BCF3851DE0330200EF672C /* MXEXmlAdapterTests.m in Sources */ = {isa = PBXBuildFile; fileRef = A4BCF3841DE0330200EF672C /* MXEXmlAdapterTests.m */; };
		A4BCF3931DE04F9B00EF672C /* MXETSampleModel.m in Sources */ = {isa = PBXBuildFile; fileRef = A4BCF3921DE04F9B00EF672C /* MXETSampleModel.m */; };
		A4BCF3981DE0AD8200EF672C /* MXEXmlNodeTests.m in Sources */ = {isa = PBXBuildFile; fileRef = A4BCF3971DE0AD8200EF672C /* MXEXmlNodeTests.m */; };
		A84EC6D81DF59B9A0001FC73 /* MXETTypeModel.m in Sources */ = {isa = PBXBuildFile; fileRef = A84EC6D71DF59B9A0001FC73 /* MXETTypeModel.m */; };
/* End PBXBuildFile section */

/* Begin PBXFileReference section */
		A41C79D01DE9D6BE000F0A28 /* MXEXmlPathTests.m */ = {isa = PBXFileReference; fileEncoding = 4; lastKnownFileType = sourcecode.c.objc; path = MXEXmlPathTests.m; sourceTree = "<group>"; };
		A41C79D21DE9E082000F0A28 /* MXEXmlChildNodePathTests.m */ = {isa = PBXFileReference; fileEncoding = 4; lastKnownFileType = sourcecode.c.objc; path = MXEXmlChildNodePathTests.m; sourceTree = "<group>"; };
		A41C79D41DE9EDB8000F0A28 /* MXEXmlAttributePathTests.m */ = {isa = PBXFileReference; fileEncoding = 4; lastKnownFileType = sourcecode.c.objc; path = MXEXmlAttributePathTests.m; sourceTree = "<group>"; };
		A41C79D61DE9F2AE000F0A28 /* MXEXmlArrayPathTests.m */ = {isa = PBXFileReference; fileEncoding = 4; lastKnownFileType = sourcecode.c.objc; path = MXEXmlArrayPathTests.m; sourceTree = "<group>"; };
		A456FC761E4B695D002EA7B0 /* MXETFilterModel.h */ = {isa = PBXFileReference; fileEncoding = 4; lastKnownFileType = sourcecode.c.h; path = MXETFilterModel.h; sourceTree = "<group>"; };
		A456FC771E4B695D002EA7B0 /* MXETFilterModel.m */ = {isa = PBXFileReference; fileEncoding = 4; lastKnownFileType = sourcecode.c.objc; path = MXETFilterModel.m; sourceTree = "<group>"; };
		A4BCF36B1DDFEC6600EF672C /* MantleXMLExtensionTests.xctest */ = {isa = PBXFileReference; explicitFileType = wrapper.cfbundle; includeInIndex = 0; path = MantleXMLExtensionTests.xctest; sourceTree = BUILT_PRODUCTS_DIR; };
		A4BCF36F1DDFEC6600EF672C /* Info.plist */ = {isa = PBXFileReference; lastKnownFileType = text.plist.xml; path = Info.plist; sourceTree = "<group>"; };
		A4BCF37D1DE0162F00EF672C /* MXETUsersResponse.m */ = {isa = PBXFileReference; fileEncoding = 4; lastKnownFileType = sourcecode.c.objc; path = MXETUsersResponse.m; sourceTree = "<group>"; };
		A4BCF37F1DE0163C00EF672C /* MXETUsersResponse.h */ = {isa = PBXFileReference; lastKnownFileType = sourcecode.c.h; path = MXETUsersResponse.h; sourceTree = "<group>"; };
		A4BCF3841DE0330200EF672C /* MXEXmlAdapterTests.m */ = {isa = PBXFileReference; fileEncoding = 4; lastKnownFileType = sourcecode.c.objc; path = MXEXmlAdapterTests.m; sourceTree = "<group>"; };
		A4BCF3861DE0353A00EF672C /* MantleXMLExtensionTests-Prefix.pch */ = {isa = PBXFileReference; lastKnownFileType = sourcecode.c.h; path = "MantleXMLExtensionTests-Prefix.pch"; sourceTree = "<group>"; };
		A4BCF3911DE04F7B00EF672C /* MXETSampleModel.h */ = {isa = PBXFileReference; lastKnownFileType = sourcecode.c.h; path = MXETSampleModel.h; sourceTree = "<group>"; };
		A4BCF3921DE04F9B00EF672C /* MXETSampleModel.m */ = {isa = PBXFileReference; fileEncoding = 4; lastKnownFileType = sourcecode.c.objc; path = MXETSampleModel.m; sourceTree = "<group>"; };
		A4BCF3971DE0AD8200EF672C /* MXEXmlNodeTests.m */ = {isa = PBXFileReference; fileEncoding = 4; lastKnownFileType = sourcecode.c.objc; path = MXEXmlNodeTests.m; sourceTree = "<group>"; };
		A84EC6D61DF59B9A0001FC73 /* MXETTypeModel.h */ = {isa = PBXFileReference; fileEncoding = 4; lastKnownFileType = sourcecode.c.h; path = MXETTypeModel.h; sourceTree = "<group>"; };
		A84EC6D71DF59B9A0001FC73 /* MXETTypeModel.m */ = {isa = PBXFileReference; fileEncoding = 4; lastKnownFileType = sourcecode.c.objc; path = MXETTypeModel.m; sourceTree = "<group>"; };
		F42A16C7604CF78F2D58C24F /* Pods_MantleXMLExtensionTests.framework */ = {isa = PBXFileReference; explicitFileType = wrapper.framework; includeInIndex = 0; path = Pods_MantleXMLExtensionTests.framework; sourceTree = BUILT_PRODUCTS_DIR; };
		FA06D942273418DD7BA511A8 /* Pods-MantleXMLExtensionTests.release.xcconfig */ = {isa = PBXFileReference; includeInIndex = 1; lastKnownFileType = text.xcconfig; name = "Pods-MantleXMLExtensionTests.release.xcconfig"; path = "Pods/Target Support Files/Pods-MantleXMLExtensionTests/Pods-MantleXMLExtensionTests.release.xcconfig"; sourceTree = "<group>"; };
		FBBF0BAB1849359EBCC4F772 /* Pods-MantleXMLExtensionTests.debug.xcconfig */ = {isa = PBXFileReference; includeInIndex = 1; lastKnownFileType = text.xcconfig; name = "Pods-MantleXMLExtensionTests.debug.xcconfig"; path = "Pods/Target Support Files/Pods-MantleXMLExtensionTests/Pods-MantleXMLExtensionTests.debug.xcconfig"; sourceTree = "<group>"; };
/* End PBXFileReference section */

/* Begin PBXFrameworksBuildPhase section */
		A4BCF3681DDFEC6600EF672C /* Frameworks */ = {
			isa = PBXFrameworksBuildPhase;
			buildActionMask = 2147483647;
			files = (
				826A9804BB27E5742444AC9E /* Pods_MantleXMLExtensionTests.framework in Frameworks */,
			);
			runOnlyForDeploymentPostprocessing = 0;
		};
/* End PBXFrameworksBuildPhase section */

/* Begin PBXGroup section */
		A4BCF32F1DDFDE2C00EF672C = {
			isa = PBXGroup;
			children = (
				EA9637E886BB15C86946631C /* Frameworks */,
				A4BCF36C1DDFEC6600EF672C /* MantleXMLExtensionTests */,
				AA1B2A2DFC10CA1729817594 /* Pods */,
				A4BCF3391DDFDE2C00EF672C /* Products */,
			);
			sourceTree = "<group>";
		};
		A4BCF3391DDFDE2C00EF672C /* Products */ = {
			isa = PBXGroup;
			children = (
				A4BCF36B1DDFEC6600EF672C /* MantleXMLExtensionTests.xctest */,
			);
			name = Products;
			sourceTree = "<group>";
		};
		A4BCF36C1DDFEC6600EF672C /* MantleXMLExtensionTests */ = {
			isa = PBXGroup;
			children = (
				A4BCF3801DE0168F00EF672C /* Models */,
				A4BCF36F1DDFEC6600EF672C /* Info.plist */,
				A4BCF3841DE0330200EF672C /* MXEXmlAdapterTests.m */,
				A41C79D61DE9F2AE000F0A28 /* MXEXmlArrayPathTests.m */,
				A41C79D41DE9EDB8000F0A28 /* MXEXmlAttributePathTests.m */,
				A41C79D21DE9E082000F0A28 /* MXEXmlChildNodePathTests.m */,
				A4BCF3971DE0AD8200EF672C /* MXEXmlNodeTests.m */,
				A41C79D01DE9D6BE000F0A28 /* MXEXmlPathTests.m */,
				A4BCF3861DE0353A00EF672C /* MantleXMLExtensionTests-Prefix.pch */,
			);
			path = MantleXMLExtensionTests;
			sourceTree = "<group>";
		};
		A4BCF3801DE0168F00EF672C /* Models */ = {
			isa = PBXGroup;
			children = (
				A4BCF3911DE04F7B00EF672C /* MXETSampleModel.h */,
				A4BCF3921DE04F9B00EF672C /* MXETSampleModel.m */,
				A84EC6D61DF59B9A0001FC73 /* MXETTypeModel.h */,
				A84EC6D71DF59B9A0001FC73 /* MXETTypeModel.m */,
				A4BCF37F1DE0163C00EF672C /* MXETUsersResponse.h */,
				A4BCF37D1DE0162F00EF672C /* MXETUsersResponse.m */,
				A456FC761E4B695D002EA7B0 /* MXETFilterModel.h */,
				A456FC771E4B695D002EA7B0 /* MXETFilterModel.m */,
			);
			path = Models;
			sourceTree = "<group>";
		};
		AA1B2A2DFC10CA1729817594 /* Pods */ = {
			isa = PBXGroup;
			children = (
				FBBF0BAB1849359EBCC4F772 /* Pods-MantleXMLExtensionTests.debug.xcconfig */,
				FA06D942273418DD7BA511A8 /* Pods-MantleXMLExtensionTests.release.xcconfig */,
			);
			name = Pods;
			sourceTree = "<group>";
		};
		EA9637E886BB15C86946631C /* Frameworks */ = {
			isa = PBXGroup;
			children = (
				F42A16C7604CF78F2D58C24F /* Pods_MantleXMLExtensionTests.framework */,
			);
			name = Frameworks;
			sourceTree = "<group>";
		};
/* End PBXGroup section */

/* Begin PBXNativeTarget section */
		A4BCF36A1DDFEC6600EF672C /* MantleXMLExtensionTests */ = {
			isa = PBXNativeTarget;
			buildConfigurationList = A4BCF3701DDFEC6600EF672C /* Build configuration list for PBXNativeTarget "MantleXMLExtensionTests" */;
			buildPhases = (
				597513063BB4F004186570F4 /* [CP] Check Pods Manifest.lock */,
				A4BCF3671DDFEC6600EF672C /* Sources */,
				A4BCF3681DDFEC6600EF672C /* Frameworks */,
				A4BCF3691DDFEC6600EF672C /* Resources */,
				43DBD1F172CE65A131D8AE1F /* [CP] Embed Pods Frameworks */,
				6003DD3CE1369EF642C72108 /* [CP] Copy Pods Resources */,
			);
			buildRules = (
			);
			dependencies = (
			);
			name = MantleXMLExtensionTests;
			productName = MantleXMLExtensionTests;
			productReference = A4BCF36B1DDFEC6600EF672C /* MantleXMLExtensionTests.xctest */;
			productType = "com.apple.product-type.bundle.unit-test";
		};
/* End PBXNativeTarget section */

/* Begin PBXProject section */
		A4BCF3301DDFDE2C00EF672C /* Project object */ = {
			isa = PBXProject;
			attributes = {
				LastUpgradeCheck = 0810;
				ORGANIZATIONNAME = "Hinagiku Soranoba";
				TargetAttributes = {
					A4BCF36A1DDFEC6600EF672C = {
						CreatedOnToolsVersion = 8.1;
						DevelopmentTeam = Q67BJ4H5A7;
						ProvisioningStyle = Automatic;
					};
				};
			};
			buildConfigurationList = A4BCF3331DDFDE2C00EF672C /* Build configuration list for PBXProject "MantleXMLExtension" */;
			compatibilityVersion = "Xcode 3.2";
			developmentRegion = English;
			hasScannedForEncodings = 0;
			knownRegions = (
				en,
			);
			mainGroup = A4BCF32F1DDFDE2C00EF672C;
			productRefGroup = A4BCF3391DDFDE2C00EF672C /* Products */;
			projectDirPath = "";
			projectRoot = "";
			targets = (
				A4BCF36A1DDFEC6600EF672C /* MantleXMLExtensionTests */,
			);
		};
/* End PBXProject section */

/* Begin PBXResourcesBuildPhase section */
		A4BCF3691DDFEC6600EF672C /* Resources */ = {
			isa = PBXResourcesBuildPhase;
			buildActionMask = 2147483647;
			files = (
			);
			runOnlyForDeploymentPostprocessing = 0;
		};
/* End PBXResourcesBuildPhase section */

/* Begin PBXShellScriptBuildPhase section */
		43DBD1F172CE65A131D8AE1F /* [CP] Embed Pods Frameworks */ = {
			isa = PBXShellScriptBuildPhase;
			buildActionMask = 2147483647;
			files = (
			);
			inputPaths = (
			);
			name = "[CP] Embed Pods Frameworks";
			outputPaths = (
			);
			runOnlyForDeploymentPostprocessing = 0;
			shellPath = /bin/sh;
			shellScript = "\"${SRCROOT}/Pods/Target Support Files/Pods-MantleXMLExtensionTests/Pods-MantleXMLExtensionTests-frameworks.sh\"\n";
			showEnvVarsInLog = 0;
		};
		597513063BB4F004186570F4 /* [CP] Check Pods Manifest.lock */ = {
			isa = PBXShellScriptBuildPhase;
			buildActionMask = 2147483647;
			files = (
			);
			inputPaths = (
			);
			name = "[CP] Check Pods Manifest.lock";
			outputPaths = (
			);
			runOnlyForDeploymentPostprocessing = 0;
			shellPath = /bin/sh;
			shellScript = "diff \"${PODS_ROOT}/../Podfile.lock\" \"${PODS_ROOT}/Manifest.lock\" > /dev/null\nif [ $? != 0 ] ; then\n    # print error to STDERR\n    echo \"error: The sandbox is not in sync with the Podfile.lock. Run 'pod install' or update your CocoaPods installation.\" >&2\n    exit 1\nfi\n";
			showEnvVarsInLog = 0;
		};
		6003DD3CE1369EF642C72108 /* [CP] Copy Pods Resources */ = {
			isa = PBXShellScriptBuildPhase;
			buildActionMask = 2147483647;
			files = (
			);
			inputPaths = (
			);
			name = "[CP] Copy Pods Resources";
			outputPaths = (
			);
			runOnlyForDeploymentPostprocessing = 0;
			shellPath = /bin/sh;
			shellScript = "\"${SRCROOT}/Pods/Target Support Files/Pods-MantleXMLExtensionTests/Pods-MantleXMLExtensionTests-resources.sh\"\n";
			showEnvVarsInLog = 0;
		};
/* End PBXShellScriptBuildPhase section */

/* Begin PBXSourcesBuildPhase section */
		A4BCF3671DDFEC6600EF672C /* Sources */ = {
			isa = PBXSourcesBuildPhase;
			buildActionMask = 2147483647;
			files = (
				A41C79D31DE9E082000F0A28 /* MXEXmlChildNodePathTests.m in Sources */,
				A456FC781E4B695D002EA7B0 /* MXETFilterModel.m in Sources */,
				A4BCF3981DE0AD8200EF672C /* MXEXmlNodeTests.m in Sources */,
				A84EC6D81DF59B9A0001FC73 /* MXETTypeModel.m in Sources */,
				A4BCF3851DE0330200EF672C /* MXEXmlAdapterTests.m in Sources */,
				A41C79D71DE9F2AE000F0A28 /* MXEXmlArrayPathTests.m in Sources */,
				A4BCF3931DE04F9B00EF672C /* MXETSampleModel.m in Sources */,
				A4BCF37E1DE0162F00EF672C /* MXETUsersResponse.m in Sources */,
				A41C79D51DE9EDB8000F0A28 /* MXEXmlAttributePathTests.m in Sources */,
				A41C79D11DE9D6BE000F0A28 /* MXEXmlPathTests.m in Sources */,
			);
			runOnlyForDeploymentPostprocessing = 0;
		};
/* End PBXSourcesBuildPhase section */

/* Begin XCBuildConfiguration section */
		A4BCF33F1DDFDE2C00EF672C /* Debug */ = {
			isa = XCBuildConfiguration;
			buildSettings = {
				ALWAYS_SEARCH_USER_PATHS = NO;
				CLANG_ANALYZER_NONNULL = YES;
				CLANG_CXX_LANGUAGE_STANDARD = "gnu++0x";
				CLANG_CXX_LIBRARY = "libc++";
				CLANG_ENABLE_MODULES = YES;
				CLANG_ENABLE_OBJC_ARC = YES;
				CLANG_WARN_BOOL_CONVERSION = YES;
				CLANG_WARN_CONSTANT_CONVERSION = YES;
				CLANG_WARN_DIRECT_OBJC_ISA_USAGE = YES_ERROR;
				CLANG_WARN_DOCUMENTATION_COMMENTS = YES;
				CLANG_WARN_EMPTY_BODY = YES;
				CLANG_WARN_ENUM_CONVERSION = YES;
				CLANG_WARN_INFINITE_RECURSION = YES;
				CLANG_WARN_INT_CONVERSION = YES;
				CLANG_WARN_OBJC_ROOT_CLASS = YES_ERROR;
				CLANG_WARN_SUSPICIOUS_MOVES = YES;
				CLANG_WARN_UNREACHABLE_CODE = YES;
				CLANG_WARN__DUPLICATE_METHOD_MATCH = YES;
				"CODE_SIGN_IDENTITY[sdk=iphoneos*]" = "iPhone Developer";
				COPY_PHASE_STRIP = NO;
				DEBUG_INFORMATION_FORMAT = dwarf;
				ENABLE_STRICT_OBJC_MSGSEND = YES;
				ENABLE_TESTABILITY = YES;
				GCC_C_LANGUAGE_STANDARD = gnu99;
				GCC_DYNAMIC_NO_PIC = NO;
				GCC_NO_COMMON_BLOCKS = YES;
				GCC_OPTIMIZATION_LEVEL = 0;
				GCC_PREFIX_HEADER = "MantleXMLExtensionTests/MantleXMLExtensionTests-Prefix.pch";
				GCC_PREPROCESSOR_DEFINITIONS = (
					"DEBUG=1",
					"$(inherited)",
				);
				GCC_WARN_64_TO_32_BIT_CONVERSION = YES;
				GCC_WARN_ABOUT_RETURN_TYPE = YES_ERROR;
				GCC_WARN_UNDECLARED_SELECTOR = YES;
				GCC_WARN_UNINITIALIZED_AUTOS = YES_AGGRESSIVE;
				GCC_WARN_UNUSED_FUNCTION = YES;
				GCC_WARN_UNUSED_VARIABLE = YES;
				HEADER_SEARCH_PATHS = MantleXMLExtension/Classes/Private;
				IPHONEOS_DEPLOYMENT_TARGET = 10.1;
				MTL_ENABLE_DEBUG_INFO = YES;
				ONLY_ACTIVE_ARCH = YES;
				SDKROOT = iphoneos;
			};
			name = Debug;
		};
		A4BCF3401DDFDE2C00EF672C /* Release */ = {
			isa = XCBuildConfiguration;
			buildSettings = {
				ALWAYS_SEARCH_USER_PATHS = NO;
				CLANG_ANALYZER_NONNULL = YES;
				CLANG_CXX_LANGUAGE_STANDARD = "gnu++0x";
				CLANG_CXX_LIBRARY = "libc++";
				CLANG_ENABLE_MODULES = YES;
				CLANG_ENABLE_OBJC_ARC = YES;
				CLANG_WARN_BOOL_CONVERSION = YES;
				CLANG_WARN_CONSTANT_CONVERSION = YES;
				CLANG_WARN_DIRECT_OBJC_ISA_USAGE = YES_ERROR;
				CLANG_WARN_DOCUMENTATION_COMMENTS = YES;
				CLANG_WARN_EMPTY_BODY = YES;
				CLANG_WARN_ENUM_CONVERSION = YES;
				CLANG_WARN_INFINITE_RECURSION = YES;
				CLANG_WARN_INT_CONVERSION = YES;
				CLANG_WARN_OBJC_ROOT_CLASS = YES_ERROR;
				CLANG_WARN_SUSPICIOUS_MOVES = YES;
				CLANG_WARN_UNREACHABLE_CODE = YES;
				CLANG_WARN__DUPLICATE_METHOD_MATCH = YES;
				"CODE_SIGN_IDENTITY[sdk=iphoneos*]" = "iPhone Developer";
				COPY_PHASE_STRIP = NO;
				DEBUG_INFORMATION_FORMAT = "dwarf-with-dsym";
				ENABLE_NS_ASSERTIONS = NO;
				ENABLE_STRICT_OBJC_MSGSEND = YES;
				GCC_C_LANGUAGE_STANDARD = gnu99;
				GCC_NO_COMMON_BLOCKS = YES;
				GCC_PREFIX_HEADER = "MantleXMLExtensionTests/MantleXMLExtensionTests-Prefix.pch";
				GCC_WARN_64_TO_32_BIT_CONVERSION = YES;
				GCC_WARN_ABOUT_RETURN_TYPE = YES_ERROR;
				GCC_WARN_UNDECLARED_SELECTOR = YES;
				GCC_WARN_UNINITIALIZED_AUTOS = YES_AGGRESSIVE;
				GCC_WARN_UNUSED_FUNCTION = YES;
				GCC_WARN_UNUSED_VARIABLE = YES;
				HEADER_SEARCH_PATHS = MantleXMLExtension/Classes/Private;
				IPHONEOS_DEPLOYMENT_TARGET = 10.1;
				MTL_ENABLE_DEBUG_INFO = NO;
				SDKROOT = iphoneos;
				VALIDATE_PRODUCT = YES;
			};
			name = Release;
		};
		A4BCF3711DDFEC6600EF672C /* Debug */ = {
			isa = XCBuildConfiguration;
			baseConfigurationReference = FBBF0BAB1849359EBCC4F772 /* Pods-MantleXMLExtensionTests.debug.xcconfig */;
			buildSettings = {
				DEVELOPMENT_TEAM = Q67BJ4H5A7;
				INFOPLIST_FILE = MantleXMLExtensionTests/Info.plist;
				IPHONEOS_DEPLOYMENT_TARGET = 8.0;
				LD_RUNPATH_SEARCH_PATHS = "$(inherited) @executable_path/Frameworks @loader_path/Frameworks";
				PRODUCT_BUNDLE_IDENTIFIER = net.soranoba.MantleXMLExtensionTests;
				PRODUCT_NAME = "$(TARGET_NAME)";
			};
			name = Debug;
		};
		A4BCF3721DDFEC6600EF672C /* Release */ = {
			isa = XCBuildConfiguration;
			baseConfigurationReference = FA06D942273418DD7BA511A8 /* Pods-MantleXMLExtensionTests.release.xcconfig */;
			buildSettings = {
				DEVELOPMENT_TEAM = Q67BJ4H5A7;
				INFOPLIST_FILE = MantleXMLExtensionTests/Info.plist;
				IPHONEOS_DEPLOYMENT_TARGET = 8.0;
				LD_RUNPATH_SEARCH_PATHS = "$(inherited) @executable_path/Frameworks @loader_path/Frameworks";
				PRODUCT_BUNDLE_IDENTIFIER = net.soranoba.MantleXMLExtensionTests;
				PRODUCT_NAME = "$(TARGET_NAME)";
			};
			name = Release;
		};
/* End XCBuildConfiguration section */

/* Begin XCConfigurationList section */
		A4BCF3331DDFDE2C00EF672C /* Build configuration list for PBXProject "MantleXMLExtension" */ = {
			isa = XCConfigurationList;
			buildConfigurations = (
				A4BCF33F1DDFDE2C00EF672C /* Debug */,
				A4BCF3401DDFDE2C00EF672C /* Release */,
			);
			defaultConfigurationIsVisible = 0;
			defaultConfigurationName = Release;
		};
		A4BCF3701DDFEC6600EF672C /* Build configuration list for PBXNativeTarget "MantleXMLExtensionTests" */ = {
			isa = XCConfigurationList;
			buildConfigurations = (
				A4BCF3711DDFEC6600EF672C /* Debug */,
				A4BCF3721DDFEC6600EF672C /* Release */,
			);
			defaultConfigurationIsVisible = 0;
			defaultConfigurationName = Release;
		};
/* End XCConfigurationList section */
	};
	rootObject = A4BCF3301DDFDE2C00EF672C /* Project object */;
}
